PODS:
  - Alamofire (4.8.0)
  - DLJSONAPI (1.0.3):
    - DLJSONAPI/Default (= 1.0.3)
  - DLJSONAPI/AlamofirePlugin (1.0.3):
    - Alamofire
  - DLJSONAPI/Default (1.0.3)

DEPENDENCIES:
  - DLJSONAPI (from `../`)
  - DLJSONAPI/AlamofirePlugin (from `../`)

SPEC REPOS:
  https://github.com/cocoapods/specs.git:
    - Alamofire

EXTERNAL SOURCES:
  DLJSONAPI:
    :path: "../"

SPEC CHECKSUMS:
  Alamofire: 3ec537f71edc9804815215393ae2b1a8ea33a844
  DLJSONAPI: be04c8eb7830f480252e77c7025e5aabfa1d5037

PODFILE CHECKSUM: 662bab7626519ca5866290f435d306224f138f32

COCOAPODS: 1.6.1
