PODS:
  - Alamofire (4.8.0)
  - DLJSONAPI (1.0.9):
    - DLJSONAPI/Default (= 1.0.9)
  - DLJSONAPI/AlamofirePlugin (1.0.9):
    - Alamofire
  - DLJSONAPI/Default (1.0.9)

DEPENDENCIES:
  - DLJSONAPI (from `../`)
  - DLJSONAPI/AlamofirePlugin (from `../`)

SPEC REPOS:
  https://github.com/CocoaPods/Specs.git:
    - Alamofire

EXTERNAL SOURCES:
  DLJSONAPI:
    :path: "../"

SPEC CHECKSUMS:
  Alamofire: 3ec537f71edc9804815215393ae2b1a8ea33a844
  DLJSONAPI: 697df471d008e4aa7a60f3b099e136fd01482c9e

PODFILE CHECKSUM: 662bab7626519ca5866290f435d306224f138f32

COCOAPODS: 1.10.1
